
Microsoft Visual Studio Solution File, Format Version 12.00
# Visual Studio Version 17
VisualStudioVersion = 17.1.32319.34
MinimumVisualStudioVersion = 10.0.40219.1
Project("{FAE04EC0-301F-11D3-BF4B-00C04F79EFBC}") = "ObjectsFileChecker", "ObjectsFileChecker\ObjectsFileChecker.csproj", "{87FB3E0C-B310-4F25-BDAA-731D7D950BA0}"
EndProject
Global
	GlobalSection(SolutionConfigurationPlatforms) = preSolution
		Debug|Any CPU = Debug|Any CPU
		Release|Any CPU = Release|Any CPU
	EndGlobalSection
	GlobalSection(ProjectConfigurationPlatforms) = postSolution
		{87FB3E0C-B310-4F25-BDAA-731D7D950BA0}.Debug|Any CPU.ActiveCfg = Debug|Any CPU
		{87FB3E0C-B310-4F25-BDAA-731D7D950BA0}.Debug|Any CPU.Build.0 = Debug|Any CPU
		{87FB3E0C-B310-4F25-BDAA-731D7D950BA0}.Release|Any CPU.ActiveCfg = Release|Any CPU
		{87FB3E0C-B310-4F25-BDAA-731D7D950BA0}.Release|Any CPU.Build.0 = Release|Any CPU
	EndGlobalSection
	GlobalSection(SolutionProperties) = preSolution
		HideSolutionNode = FALSE
	EndGlobalSection
	GlobalSection(ExtensibilityGlobals) = postSolution
		SolutionGuid = {11AC96D0-BD4A-44E2-98EE-3B0CCD833087}
	EndGlobalSection
EndGlobal
